
Microsoft Visual Studio Solution File, Format Version 12.00
# Visual Studio Version 16
VisualStudioVersion = 16.0.29709.97
MinimumVisualStudioVersion = 10.0.40219.1
Project("{FAE04EC0-301F-11D3-BF4B-00C04F79EFBC}") = "SortingAlgorithims", "SortingAlgorithims\SortingAlgorithims.csproj", "{B9409758-D54C-4030-A090-482BE30C61B7}"
EndProject
Project("{FAE04EC0-301F-11D3-BF4B-00C04F79EFBC}") = "SortingTest", "SortingTest\SortingTest.csproj", "{C2783B4D-4036-4609-8521-9726CA59CBAA}"
EndProject
Global
	GlobalSection(SolutionConfigurationPlatforms) = preSolution
		Debug|Any CPU = Debug|Any CPU
		Release|Any CPU = Release|Any CPU
	EndGlobalSection
	GlobalSection(ProjectConfigurationPlatforms) = postSolution
		{B9409758-D54C-4030-A090-482BE30C61B7}.Debug|Any CPU.ActiveCfg = Debug|Any CPU
		{B9409758-D54C-4030-A090-482BE30C61B7}.Debug|Any CPU.Build.0 = Debug|Any CPU
		{B9409758-D54C-4030-A090-482BE30C61B7}.Release|Any CPU.ActiveCfg = Release|Any CPU
		{B9409758-D54C-4030-A090-482BE30C61B7}.Release|Any CPU.Build.0 = Release|Any CPU
		{C2783B4D-4036-4609-8521-9726CA59CBAA}.Debug|Any CPU.ActiveCfg = Debug|Any CPU
		{C2783B4D-4036-4609-8521-9726CA59CBAA}.Debug|Any CPU.Build.0 = Debug|Any CPU
		{C2783B4D-4036-4609-8521-9726CA59CBAA}.Release|Any CPU.ActiveCfg = Release|Any CPU
		{C2783B4D-4036-4609-8521-9726CA59CBAA}.Release|Any CPU.Build.0 = Release|Any CPU
	EndGlobalSection
	GlobalSection(SolutionProperties) = preSolution
		HideSolutionNode = FALSE
	EndGlobalSection
	GlobalSection(ExtensibilityGlobals) = postSolution
		SolutionGuid = {01998D27-6F74-4041-B762-8E6DB0F442EA}
	EndGlobalSection
EndGlobal
